// !$*UTF8*$!
{
	archiveVersion = 1;
	classes = {
	};
	objectVersion = 55;
	objects = {

/* Begin PBXBuildFile section */
		3B17C2382800ADC7000DB220 /* StockMeApp.swift in Sources */ = {isa = PBXBuildFile; fileRef = 3B17C2372800ADC7000DB220 /* StockMeApp.swift */; };
		3B17C2422800ADC7000DB220 /* StockMe.xcdatamodeld in Sources */ = {isa = PBXBuildFile; fileRef = 3B17C2402800ADC7000DB220 /* StockMe.xcdatamodeld */; };
		3B17C2442800ADC8000DB220 /* Assets.xcassets in Resources */ = {isa = PBXBuildFile; fileRef = 3B17C2432800ADC8000DB220 /* Assets.xcassets */; };
		3B17C2522800ADC8000DB220 /* StockMeTests.swift in Sources */ = {isa = PBXBuildFile; fileRef = 3B17C2512800ADC8000DB220 /* StockMeTests.swift */; };
		3B17C25C2800ADC8000DB220 /* StockMeUITests.swift in Sources */ = {isa = PBXBuildFile; fileRef = 3B17C25B2800ADC8000DB220 /* StockMeUITests.swift */; };
		3B17C25E2800ADC8000DB220 /* StockMeUITestsLaunchTests.swift in Sources */ = {isa = PBXBuildFile; fileRef = 3B17C25D2800ADC8000DB220 /* StockMeUITestsLaunchTests.swift */; };
		3B17C2A62800F216000DB220 /* Persistence.swift in Sources */ = {isa = PBXBuildFile; fileRef = 3B17C2A52800F216000DB220 /* Persistence.swift */; };
		3B17C2A92800F24B000DB220 /* ContentView.swift in Sources */ = {isa = PBXBuildFile; fileRef = 3B17C2A82800F24B000DB220 /* ContentView.swift */; };
		3B17C2AB2800F5EE000DB220 /* Preview Assets.xcassets in Resources */ = {isa = PBXBuildFile; fileRef = 3B17C2AA2800F5EE000DB220 /* Preview Assets.xcassets */; };
		3B21079B2800FC2100D08B28 /* SignInView.swift in Sources */ = {isa = PBXBuildFile; fileRef = 3B21079A2800FC2100D08B28 /* SignInView.swift */; };
		3B2107A0280334E000D08B28 /* SignInViewModel.swift in Sources */ = {isa = PBXBuildFile; fileRef = 3B21079F280334E000D08B28 /* SignInViewModel.swift */; };
		3B2107A4280338F200D08B28 /* dLog.swift in Sources */ = {isa = PBXBuildFile; fileRef = 3B2107A3280338F200D08B28 /* dLog.swift */; };
		3B2107A828033B5C00D08B28 /* APIManager.swift in Sources */ = {isa = PBXBuildFile; fileRef = 3B2107A728033B5C00D08B28 /* APIManager.swift */; };
		3B2107AA28033DDA00D08B28 /* Record.swift in Sources */ = {isa = PBXBuildFile; fileRef = 3B2107A928033DDA00D08B28 /* Record.swift */; };
		3B2107AC280350C300D08B28 /* Meta.swift in Sources */ = {isa = PBXBuildFile; fileRef = 3B2107AB280350C300D08B28 /* Meta.swift */; };
		3B2107AE280350F400D08B28 /* Series.swift in Sources */ = {isa = PBXBuildFile; fileRef = 3B2107AD280350F400D08B28 /* Series.swift */; };
		3B2107B028036E8A00D08B28 /* Symbol.swift in Sources */ = {isa = PBXBuildFile; fileRef = 3B2107AF28036E8A00D08B28 /* Symbol.swift */; };
		3B2107B72803730000D08B28 /* Dictionary+.swift in Sources */ = {isa = PBXBuildFile; fileRef = 3B2107B62803730000D08B28 /* Dictionary+.swift */; };
		3B2107B92803797B00D08B28 /* SearchView.swift in Sources */ = {isa = PBXBuildFile; fileRef = 3B2107B82803797B00D08B28 /* SearchView.swift */; };
		3B2107BC28037B7500D08B28 /* SearchViewModel.swift in Sources */ = {isa = PBXBuildFile; fileRef = 3B2107BB28037B7500D08B28 /* SearchViewModel.swift */; };
		3B2107BF280399F600D08B28 /* SymbolView.swift in Sources */ = {isa = PBXBuildFile; fileRef = 3B2107BE280399F600D08B28 /* SymbolView.swift */; };
		3B2107C128039AF100D08B28 /* DetailViewModel.swift in Sources */ = {isa = PBXBuildFile; fileRef = 3B2107C028039AF100D08B28 /* DetailViewModel.swift */; };
		3B2107C4280480BC00D08B28 /* DetailView.swift in Sources */ = {isa = PBXBuildFile; fileRef = 3B2107C3280480BC00D08B28 /* DetailView.swift */; };
		3B2F895028049B4C00ACB2FA /* User.swift in Sources */ = {isa = PBXBuildFile; fileRef = 3B2F894F28049B4C00ACB2FA /* User.swift */; };
		4DCE26614BEB699A90EAC993 /* Pods_StockMeTests.framework in Frameworks */ = {isa = PBXBuildFile; fileRef = 605C59D50E955AC8C197C53D /* Pods_StockMeTests.framework */; };
		5A59CF1B408A179EEE5D7E76 /* Pods_StockMe_StockMeUITests.framework in Frameworks */ = {isa = PBXBuildFile; fileRef = 5E4C58C87BCBA5298EDA8233 /* Pods_StockMe_StockMeUITests.framework */; };
		81F9FDF30F1D960E90525538 /* Pods_StockMe.framework in Frameworks */ = {isa = PBXBuildFile; fileRef = 230463F787411AAEF6A6341E /* Pods_StockMe.framework */; };
/* End PBXBuildFile section */

/* Begin PBXContainerItemProxy section */
		3B17C24E2800ADC8000DB220 /* PBXContainerItemProxy */ = {
			isa = PBXContainerItemProxy;
			containerPortal = 3B17C22C2800ADC7000DB220 /* Project object */;
			proxyType = 1;
			remoteGlobalIDString = 3B17C2332800ADC7000DB220;
			remoteInfo = StockMe;
		};
		3B17C2582800ADC8000DB220 /* PBXContainerItemProxy */ = {
			isa = PBXContainerItemProxy;
			containerPortal = 3B17C22C2800ADC7000DB220 /* Project object */;
			proxyType = 1;
			remoteGlobalIDString = 3B17C2332800ADC7000DB220;
			remoteInfo = StockMe;
		};
/* End PBXContainerItemProxy section */

/* Begin PBXFileReference section */
		230463F787411AAEF6A6341E /* Pods_StockMe.framework */ = {isa = PBXFileReference; explicitFileType = wrapper.framework; includeInIndex = 0; path = Pods_StockMe.framework; sourceTree = BUILT_PRODUCTS_DIR; };
		3B17C2342800ADC7000DB220 /* StockMe.app */ = {isa = PBXFileReference; explicitFileType = wrapper.application; includeInIndex = 0; path = StockMe.app; sourceTree = BUILT_PRODUCTS_DIR; };
		3B17C2372800ADC7000DB220 /* StockMeApp.swift */ = {isa = PBXFileReference; lastKnownFileType = sourcecode.swift; path = StockMeApp.swift; sourceTree = "<group>"; };
		3B17C2412800ADC7000DB220 /* StockMe.xcdatamodel */ = {isa = PBXFileReference; lastKnownFileType = wrapper.xcdatamodel; path = StockMe.xcdatamodel; sourceTree = "<group>"; };
		3B17C2432800ADC8000DB220 /* Assets.xcassets */ = {isa = PBXFileReference; lastKnownFileType = folder.assetcatalog; path = Assets.xcassets; sourceTree = "<group>"; };
		3B17C24D2800ADC8000DB220 /* StockMeTests.xctest */ = {isa = PBXFileReference; explicitFileType = wrapper.cfbundle; includeInIndex = 0; path = StockMeTests.xctest; sourceTree = BUILT_PRODUCTS_DIR; };
		3B17C2512800ADC8000DB220 /* StockMeTests.swift */ = {isa = PBXFileReference; lastKnownFileType = sourcecode.swift; path = StockMeTests.swift; sourceTree = "<group>"; };
		3B17C2572800ADC8000DB220 /* StockMeUITests.xctest */ = {isa = PBXFileReference; explicitFileType = wrapper.cfbundle; includeInIndex = 0; path = StockMeUITests.xctest; sourceTree = BUILT_PRODUCTS_DIR; };
		3B17C25B2800ADC8000DB220 /* StockMeUITests.swift */ = {isa = PBXFileReference; lastKnownFileType = sourcecode.swift; path = StockMeUITests.swift; sourceTree = "<group>"; };
		3B17C25D2800ADC8000DB220 /* StockMeUITestsLaunchTests.swift */ = {isa = PBXFileReference; lastKnownFileType = sourcecode.swift; path = StockMeUITestsLaunchTests.swift; sourceTree = "<group>"; };
		3B17C2A52800F216000DB220 /* Persistence.swift */ = {isa = PBXFileReference; lastKnownFileType = sourcecode.swift; path = Persistence.swift; sourceTree = "<group>"; };
		3B17C2A82800F24B000DB220 /* ContentView.swift */ = {isa = PBXFileReference; lastKnownFileType = sourcecode.swift; path = ContentView.swift; sourceTree = "<group>"; };
		3B17C2AA2800F5EE000DB220 /* Preview Assets.xcassets */ = {isa = PBXFileReference; lastKnownFileType = folder.assetcatalog; path = "Preview Assets.xcassets"; sourceTree = "<group>"; };
		3B21079A2800FC2100D08B28 /* SignInView.swift */ = {isa = PBXFileReference; lastKnownFileType = sourcecode.swift; path = SignInView.swift; sourceTree = "<group>"; };
		3B21079F280334E000D08B28 /* SignInViewModel.swift */ = {isa = PBXFileReference; lastKnownFileType = sourcecode.swift; path = SignInViewModel.swift; sourceTree = "<group>"; };
		3B2107A12803383E00D08B28 /* StockMe.entitlements */ = {isa = PBXFileReference; lastKnownFileType = text.plist.entitlements; path = StockMe.entitlements; sourceTree = "<group>"; };
		3B2107A3280338F200D08B28 /* dLog.swift */ = {isa = PBXFileReference; fileEncoding = 4; lastKnownFileType = sourcecode.swift; path = dLog.swift; sourceTree = "<group>"; };
		3B2107A728033B5C00D08B28 /* APIManager.swift */ = {isa = PBXFileReference; lastKnownFileType = sourcecode.swift; path = APIManager.swift; sourceTree = "<group>"; };
		3B2107A928033DDA00D08B28 /* Record.swift */ = {isa = PBXFileReference; lastKnownFileType = sourcecode.swift; path = Record.swift; sourceTree = "<group>"; };
		3B2107AB280350C300D08B28 /* Meta.swift */ = {isa = PBXFileReference; lastKnownFileType = sourcecode.swift; path = Meta.swift; sourceTree = "<group>"; };
		3B2107AD280350F400D08B28 /* Series.swift */ = {isa = PBXFileReference; lastKnownFileType = sourcecode.swift; path = Series.swift; sourceTree = "<group>"; };
		3B2107AF28036E8A00D08B28 /* Symbol.swift */ = {isa = PBXFileReference; lastKnownFileType = sourcecode.swift; path = Symbol.swift; sourceTree = "<group>"; };
		3B2107B62803730000D08B28 /* Dictionary+.swift */ = {isa = PBXFileReference; lastKnownFileType = sourcecode.swift; path = "Dictionary+.swift"; sourceTree = "<group>"; };
		3B2107B82803797B00D08B28 /* SearchView.swift */ = {isa = PBXFileReference; lastKnownFileType = sourcecode.swift; path = SearchView.swift; sourceTree = "<group>"; };
		3B2107BB28037B7500D08B28 /* SearchViewModel.swift */ = {isa = PBXFileReference; lastKnownFileType = sourcecode.swift; path = SearchViewModel.swift; sourceTree = "<group>"; };
		3B2107BE280399F600D08B28 /* SymbolView.swift */ = {isa = PBXFileReference; lastKnownFileType = sourcecode.swift; path = SymbolView.swift; sourceTree = "<group>"; };
		3B2107C028039AF100D08B28 /* DetailViewModel.swift */ = {isa = PBXFileReference; lastKnownFileType = sourcecode.swift; path = DetailViewModel.swift; sourceTree = "<group>"; };
		3B2107C3280480BC00D08B28 /* DetailView.swift */ = {isa = PBXFileReference; lastKnownFileType = sourcecode.swift; path = DetailView.swift; sourceTree = "<group>"; };
		3B2F894F28049B4C00ACB2FA /* User.swift */ = {isa = PBXFileReference; lastKnownFileType = sourcecode.swift; path = User.swift; sourceTree = "<group>"; };
		5E4C58C87BCBA5298EDA8233 /* Pods_StockMe_StockMeUITests.framework */ = {isa = PBXFileReference; explicitFileType = wrapper.framework; includeInIndex = 0; path = Pods_StockMe_StockMeUITests.framework; sourceTree = BUILT_PRODUCTS_DIR; };
		605C59D50E955AC8C197C53D /* Pods_StockMeTests.framework */ = {isa = PBXFileReference; explicitFileType = wrapper.framework; includeInIndex = 0; path = Pods_StockMeTests.framework; sourceTree = BUILT_PRODUCTS_DIR; };
		73D04CFCF81FEF24F05C7839 /* Pods-StockMe-StockMeUITests.release.xcconfig */ = {isa = PBXFileReference; includeInIndex = 1; lastKnownFileType = text.xcconfig; name = "Pods-StockMe-StockMeUITests.release.xcconfig"; path = "Target Support Files/Pods-StockMe-StockMeUITests/Pods-StockMe-StockMeUITests.release.xcconfig"; sourceTree = "<group>"; };
		ACA0345D6C4ED286200ED10C /* Pods-StockMe-StockMeUITests.debug.xcconfig */ = {isa = PBXFileReference; includeInIndex = 1; lastKnownFileType = text.xcconfig; name = "Pods-StockMe-StockMeUITests.debug.xcconfig"; path = "Target Support Files/Pods-StockMe-StockMeUITests/Pods-StockMe-StockMeUITests.debug.xcconfig"; sourceTree = "<group>"; };
		B13C8F4CF8D654BC51157861 /* Pods-StockMe.debug.xcconfig */ = {isa = PBXFileReference; includeInIndex = 1; lastKnownFileType = text.xcconfig; name = "Pods-StockMe.debug.xcconfig"; path = "Target Support Files/Pods-StockMe/Pods-StockMe.debug.xcconfig"; sourceTree = "<group>"; };
		B45CA50CEE50FA1D1EDE556B /* Pods-StockMeTests.debug.xcconfig */ = {isa = PBXFileReference; includeInIndex = 1; lastKnownFileType = text.xcconfig; name = "Pods-StockMeTests.debug.xcconfig"; path = "Target Support Files/Pods-StockMeTests/Pods-StockMeTests.debug.xcconfig"; sourceTree = "<group>"; };
		BF4C8D5D435D22EB0259124A /* Pods-StockMeTests.release.xcconfig */ = {isa = PBXFileReference; includeInIndex = 1; lastKnownFileType = text.xcconfig; name = "Pods-StockMeTests.release.xcconfig"; path = "Target Support Files/Pods-StockMeTests/Pods-StockMeTests.release.xcconfig"; sourceTree = "<group>"; };
		D5610B5B2290ECB8EF7A853A /* Pods-StockMe.release.xcconfig */ = {isa = PBXFileReference; includeInIndex = 1; lastKnownFileType = text.xcconfig; name = "Pods-StockMe.release.xcconfig"; path = "Target Support Files/Pods-StockMe/Pods-StockMe.release.xcconfig"; sourceTree = "<group>"; };
/* End PBXFileReference section */

/* Begin PBXFrameworksBuildPhase section */
		3B17C2312800ADC7000DB220 /* Frameworks */ = {
			isa = PBXFrameworksBuildPhase;
			buildActionMask = 2147483647;
			files = (
				81F9FDF30F1D960E90525538 /* Pods_StockMe.framework in Frameworks */,
			);
			runOnlyForDeploymentPostprocessing = 0;
		};
		3B17C24A2800ADC8000DB220 /* Frameworks */ = {
			isa = PBXFrameworksBuildPhase;
			buildActionMask = 2147483647;
			files = (
				4DCE26614BEB699A90EAC993 /* Pods_StockMeTests.framework in Frameworks */,
			);
			runOnlyForDeploymentPostprocessing = 0;
		};
		3B17C2542800ADC8000DB220 /* Frameworks */ = {
			isa = PBXFrameworksBuildPhase;
			buildActionMask = 2147483647;
			files = (
				5A59CF1B408A179EEE5D7E76 /* Pods_StockMe_StockMeUITests.framework in Frameworks */,
			);
			runOnlyForDeploymentPostprocessing = 0;
		};
/* End PBXFrameworksBuildPhase section */

/* Begin PBXGroup section */
		3B17C22B2800ADC7000DB220 = {
			isa = PBXGroup;
			children = (
				3B17C2362800ADC7000DB220 /* StockMe */,
				3B17C2502800ADC8000DB220 /* StockMeTests */,
				3B17C25A2800ADC8000DB220 /* StockMeUITests */,
				3B17C2352800ADC7000DB220 /* Products */,
				58801135BE46931859C0108F /* Pods */,
				BB7BFB93B6B7222C19833C54 /* Frameworks */,
			);
			sourceTree = "<group>";
		};
		3B17C2352800ADC7000DB220 /* Products */ = {
			isa = PBXGroup;
			children = (
				3B17C2342800ADC7000DB220 /* StockMe.app */,
				3B17C24D2800ADC8000DB220 /* StockMeTests.xctest */,
				3B17C2572800ADC8000DB220 /* StockMeUITests.xctest */,
			);
			name = Products;
			sourceTree = "<group>";
		};
		3B17C2362800ADC7000DB220 /* StockMe */ = {
			isa = PBXGroup;
			children = (
				3B2107B128036F6800D08B28 /* Extension */,
				3B17C2432800ADC8000DB220 /* Assets.xcassets */,
				3B17C2372800ADC7000DB220 /* StockMeApp.swift */,
				3B17C2A52800F216000DB220 /* Persistence.swift */,
				3B17C2A72800F240000DB220 /* View */,
				3B2107A628033AB400D08B28 /* Model */,
				3B2107A2280338DC00D08B28 /* Module */,
				3B17C2AC2800F648000DB220 /* Preview Content */,
				3B2107A12803383E00D08B28 /* StockMe.entitlements */,
				3B17C2402800ADC7000DB220 /* StockMe.xcdatamodeld */,
			);
			path = StockMe;
			sourceTree = "<group>";
		};
		3B17C2502800ADC8000DB220 /* StockMeTests */ = {
			isa = PBXGroup;
			children = (
				3B17C2512800ADC8000DB220 /* StockMeTests.swift */,
			);
			path = StockMeTests;
			sourceTree = "<group>";
		};
		3B17C25A2800ADC8000DB220 /* StockMeUITests */ = {
			isa = PBXGroup;
			children = (
				3B17C25B2800ADC8000DB220 /* StockMeUITests.swift */,
				3B17C25D2800ADC8000DB220 /* StockMeUITestsLaunchTests.swift */,
			);
			path = StockMeUITests;
			sourceTree = "<group>";
		};
		3B17C2A72800F240000DB220 /* View */ = {
			isa = PBXGroup;
			children = (
				3B2107C22804809C00D08B28 /* Symbol */,
				3B2107BD280399E500D08B28 /* Detail */,
				3B2107BA2803798100D08B28 /* Search */,
				3B2107A52803397E00D08B28 /* Main */,
				3B21079C2802874B00D08B28 /* SignIn */,
			);
			path = View;
			sourceTree = "<group>";
		};
		3B17C2AC2800F648000DB220 /* Preview Content */ = {
			isa = PBXGroup;
			children = (
				3B17C2AA2800F5EE000DB220 /* Preview Assets.xcassets */,
			);
			path = "Preview Content";
			sourceTree = "<group>";
		};
		3B21079C2802874B00D08B28 /* SignIn */ = {
			isa = PBXGroup;
			children = (
				3B21079A2800FC2100D08B28 /* SignInView.swift */,
				3B21079F280334E000D08B28 /* SignInViewModel.swift */,
			);
			path = SignIn;
			sourceTree = "<group>";
		};
		3B2107A2280338DC00D08B28 /* Module */ = {
			isa = PBXGroup;
			children = (
				3B2107A3280338F200D08B28 /* dLog.swift */,
				3B2107A728033B5C00D08B28 /* APIManager.swift */,
			);
			path = Module;
			sourceTree = "<group>";
		};
		3B2107A52803397E00D08B28 /* Main */ = {
			isa = PBXGroup;
			children = (
				3B17C2A82800F24B000DB220 /* ContentView.swift */,
			);
			path = Main;
			sourceTree = "<group>";
		};
		3B2107A628033AB400D08B28 /* Model */ = {
			isa = PBXGroup;
			children = (
				3B2107A928033DDA00D08B28 /* Record.swift */,
				3B2107AB280350C300D08B28 /* Meta.swift */,
				3B2107AD280350F400D08B28 /* Series.swift */,
				3B2107AF28036E8A00D08B28 /* Symbol.swift */,
				3B2F894F28049B4C00ACB2FA /* User.swift */,
			);
			path = Model;
			sourceTree = "<group>";
		};
		3B2107B128036F6800D08B28 /* Extension */ = {
			isa = PBXGroup;
			children = (
				3B2107B62803730000D08B28 /* Dictionary+.swift */,
			);
			path = Extension;
			sourceTree = "<group>";
		};
		3B2107BA2803798100D08B28 /* Search */ = {
			isa = PBXGroup;
			children = (
				3B2107B82803797B00D08B28 /* SearchView.swift */,
				3B2107BB28037B7500D08B28 /* SearchViewModel.swift */,
			);
			path = Search;
			sourceTree = "<group>";
		};
		3B2107BD280399E500D08B28 /* Detail */ = {
			isa = PBXGroup;
			children = (
				3B2107C3280480BC00D08B28 /* DetailView.swift */,
				3B2107C028039AF100D08B28 /* DetailViewModel.swift */,
			);
			path = Detail;
			sourceTree = "<group>";
		};
		3B2107C22804809C00D08B28 /* Symbol */ = {
			isa = PBXGroup;
			children = (
				3B2107BE280399F600D08B28 /* SymbolView.swift */,
			);
			path = Symbol;
			sourceTree = "<group>";
		};
		58801135BE46931859C0108F /* Pods */ = {
			isa = PBXGroup;
			children = (
				B13C8F4CF8D654BC51157861 /* Pods-StockMe.debug.xcconfig */,
				D5610B5B2290ECB8EF7A853A /* Pods-StockMe.release.xcconfig */,
				ACA0345D6C4ED286200ED10C /* Pods-StockMe-StockMeUITests.debug.xcconfig */,
				73D04CFCF81FEF24F05C7839 /* Pods-StockMe-StockMeUITests.release.xcconfig */,
				B45CA50CEE50FA1D1EDE556B /* Pods-StockMeTests.debug.xcconfig */,
				BF4C8D5D435D22EB0259124A /* Pods-StockMeTests.release.xcconfig */,
			);
			path = Pods;
			sourceTree = "<group>";
		};
		BB7BFB93B6B7222C19833C54 /* Frameworks */ = {
			isa = PBXGroup;
			children = (
				230463F787411AAEF6A6341E /* Pods_StockMe.framework */,
				5E4C58C87BCBA5298EDA8233 /* Pods_StockMe_StockMeUITests.framework */,
				605C59D50E955AC8C197C53D /* Pods_StockMeTests.framework */,
			);
			name = Frameworks;
			sourceTree = "<group>";
		};
/* End PBXGroup section */

/* Begin PBXNativeTarget section */
		3B17C2332800ADC7000DB220 /* StockMe */ = {
			isa = PBXNativeTarget;
			buildConfigurationList = 3B17C2612800ADC8000DB220 /* Build configuration list for PBXNativeTarget "StockMe" */;
			buildPhases = (
				6CE369BDDB00C9B8301B5553 /* [CP] Check Pods Manifest.lock */,
				3B17C2302800ADC7000DB220 /* Sources */,
				3B17C2312800ADC7000DB220 /* Frameworks */,
				3B17C2322800ADC7000DB220 /* Resources */,
				74EFB374DA760AD10A977BB9 /* [CP] Embed Pods Frameworks */,
			);
			buildRules = (
			);
			dependencies = (
			);
			name = StockMe;
			productName = StockMe;
			productReference = 3B17C2342800ADC7000DB220 /* StockMe.app */;
			productType = "com.apple.product-type.application";
		};
		3B17C24C2800ADC8000DB220 /* StockMeTests */ = {
			isa = PBXNativeTarget;
			buildConfigurationList = 3B17C2642800ADC8000DB220 /* Build configuration list for PBXNativeTarget "StockMeTests" */;
			buildPhases = (
				9BF4D91DF3B706FEEE9BD171 /* [CP] Check Pods Manifest.lock */,
				3B17C2492800ADC8000DB220 /* Sources */,
				3B17C24A2800ADC8000DB220 /* Frameworks */,
				3B17C24B2800ADC8000DB220 /* Resources */,
			);
			buildRules = (
			);
			dependencies = (
				3B17C24F2800ADC8000DB220 /* PBXTargetDependency */,
			);
			name = StockMeTests;
			productName = StockMeTests;
			productReference = 3B17C24D2800ADC8000DB220 /* StockMeTests.xctest */;
			productType = "com.apple.product-type.bundle.unit-test";
		};
		3B17C2562800ADC8000DB220 /* StockMeUITests */ = {
			isa = PBXNativeTarget;
			buildConfigurationList = 3B17C2672800ADC8000DB220 /* Build configuration list for PBXNativeTarget "StockMeUITests" */;
			buildPhases = (
				8F2E8354DA518297C11F7D73 /* [CP] Check Pods Manifest.lock */,
				3B17C2532800ADC8000DB220 /* Sources */,
				3B17C2542800ADC8000DB220 /* Frameworks */,
				3B17C2552800ADC8000DB220 /* Resources */,
				F1146D7BD82E5CA9DD928DD0 /* [CP] Embed Pods Frameworks */,
			);
			buildRules = (
			);
			dependencies = (
				3B17C2592800ADC8000DB220 /* PBXTargetDependency */,
			);
			name = StockMeUITests;
			productName = StockMeUITests;
			productReference = 3B17C2572800ADC8000DB220 /* StockMeUITests.xctest */;
			productType = "com.apple.product-type.bundle.ui-testing";
		};
/* End PBXNativeTarget section */

/* Begin PBXProject section */
		3B17C22C2800ADC7000DB220 /* Project object */ = {
			isa = PBXProject;
			attributes = {
				BuildIndependentTargetsInParallel = 1;
				LastSwiftUpdateCheck = 1330;
				LastUpgradeCheck = 1330;
				TargetAttributes = {
					3B17C2332800ADC7000DB220 = {
						CreatedOnToolsVersion = 13.3;
					};
					3B17C24C2800ADC8000DB220 = {
						CreatedOnToolsVersion = 13.3;
						TestTargetID = 3B17C2332800ADC7000DB220;
					};
					3B17C2562800ADC8000DB220 = {
						CreatedOnToolsVersion = 13.3;
						TestTargetID = 3B17C2332800ADC7000DB220;
					};
				};
			};
			buildConfigurationList = 3B17C22F2800ADC7000DB220 /* Build configuration list for PBXProject "StockMe" */;
			compatibilityVersion = "Xcode 13.0";
			developmentRegion = en;
			hasScannedForEncodings = 0;
			knownRegions = (
				en,
				Base,
			);
			mainGroup = 3B17C22B2800ADC7000DB220;
			productRefGroup = 3B17C2352800ADC7000DB220 /* Products */;
			projectDirPath = "";
			projectRoot = "";
			targets = (
				3B17C2332800ADC7000DB220 /* StockMe */,
				3B17C24C2800ADC8000DB220 /* StockMeTests */,
				3B17C2562800ADC8000DB220 /* StockMeUITests */,
			);
		};
/* End PBXProject section */

/* Begin PBXResourcesBuildPhase section */
		3B17C2322800ADC7000DB220 /* Resources */ = {
			isa = PBXResourcesBuildPhase;
			buildActionMask = 2147483647;
			files = (
				3B17C2AB2800F5EE000DB220 /* Preview Assets.xcassets in Resources */,
				3B17C2442800ADC8000DB220 /* Assets.xcassets in Resources */,
			);
			runOnlyForDeploymentPostprocessing = 0;
		};
		3B17C24B2800ADC8000DB220 /* Resources */ = {
			isa = PBXResourcesBuildPhase;
			buildActionMask = 2147483647;
			files = (
			);
			runOnlyForDeploymentPostprocessing = 0;
		};
		3B17C2552800ADC8000DB220 /* Resources */ = {
			isa = PBXResourcesBuildPhase;
			buildActionMask = 2147483647;
			files = (
			);
			runOnlyForDeploymentPostprocessing = 0;
		};
/* End PBXResourcesBuildPhase section */

/* Begin PBXShellScriptBuildPhase section */
		6CE369BDDB00C9B8301B5553 /* [CP] Check Pods Manifest.lock */ = {
			isa = PBXShellScriptBuildPhase;
			buildActionMask = 2147483647;
			files = (
			);
			inputFileListPaths = (
			);
			inputPaths = (
				"${PODS_PODFILE_DIR_PATH}/Podfile.lock",
				"${PODS_ROOT}/Manifest.lock",
			);
			name = "[CP] Check Pods Manifest.lock";
			outputFileListPaths = (
			);
			outputPaths = (
				"$(DERIVED_FILE_DIR)/Pods-StockMe-checkManifestLockResult.txt",
			);
			runOnlyForDeploymentPostprocessing = 0;
			shellPath = /bin/sh;
			shellScript = "diff \"${PODS_PODFILE_DIR_PATH}/Podfile.lock\" \"${PODS_ROOT}/Manifest.lock\" > /dev/null\nif [ $? != 0 ] ; then\n    # print error to STDERR\n    echo \"error: The sandbox is not in sync with the Podfile.lock. Run 'pod install' or update your CocoaPods installation.\" >&2\n    exit 1\nfi\n# This output is used by Xcode 'outputs' to avoid re-running this script phase.\necho \"SUCCESS\" > \"${SCRIPT_OUTPUT_FILE_0}\"\n";
			showEnvVarsInLog = 0;
		};
		74EFB374DA760AD10A977BB9 /* [CP] Embed Pods Frameworks */ = {
			isa = PBXShellScriptBuildPhase;
			buildActionMask = 2147483647;
			files = (
			);
			inputFileListPaths = (
				"${PODS_ROOT}/Target Support Files/Pods-StockMe/Pods-StockMe-frameworks-${CONFIGURATION}-input-files.xcfilelist",
			);
			name = "[CP] Embed Pods Frameworks";
			outputFileListPaths = (
				"${PODS_ROOT}/Target Support Files/Pods-StockMe/Pods-StockMe-frameworks-${CONFIGURATION}-output-files.xcfilelist",
			);
			runOnlyForDeploymentPostprocessing = 0;
			shellPath = /bin/sh;
			shellScript = "\"${PODS_ROOT}/Target Support Files/Pods-StockMe/Pods-StockMe-frameworks.sh\"\n";
			showEnvVarsInLog = 0;
		};
		8F2E8354DA518297C11F7D73 /* [CP] Check Pods Manifest.lock */ = {
			isa = PBXShellScriptBuildPhase;
			buildActionMask = 2147483647;
			files = (
			);
			inputFileListPaths = (
			);
			inputPaths = (
				"${PODS_PODFILE_DIR_PATH}/Podfile.lock",
				"${PODS_ROOT}/Manifest.lock",
			);
			name = "[CP] Check Pods Manifest.lock";
			outputFileListPaths = (
			);
			outputPaths = (
				"$(DERIVED_FILE_DIR)/Pods-StockMe-StockMeUITests-checkManifestLockResult.txt",
			);
			runOnlyForDeploymentPostprocessing = 0;
			shellPath = /bin/sh;
			shellScript = "diff \"${PODS_PODFILE_DIR_PATH}/Podfile.lock\" \"${PODS_ROOT}/Manifest.lock\" > /dev/null\nif [ $? != 0 ] ; then\n    # print error to STDERR\n    echo \"error: The sandbox is not in sync with the Podfile.lock. Run 'pod install' or update your CocoaPods installation.\" >&2\n    exit 1\nfi\n# This output is used by Xcode 'outputs' to avoid re-running this script phase.\necho \"SUCCESS\" > \"${SCRIPT_OUTPUT_FILE_0}\"\n";
			showEnvVarsInLog = 0;
		};
		9BF4D91DF3B706FEEE9BD171 /* [CP] Check Pods Manifest.lock */ = {
			isa = PBXShellScriptBuildPhase;
			buildActionMask = 2147483647;
			files = (
			);
			inputFileListPaths = (
			);
			inputPaths = (
				"${PODS_PODFILE_DIR_PATH}/Podfile.lock",
				"${PODS_ROOT}/Manifest.lock",
			);
			name = "[CP] Check Pods Manifest.lock";
			outputFileListPaths = (
			);
			outputPaths = (
				"$(DERIVED_FILE_DIR)/Pods-StockMeTests-checkManifestLockResult.txt",
			);
			runOnlyForDeploymentPostprocessing = 0;
			shellPath = /bin/sh;
			shellScript = "diff \"${PODS_PODFILE_DIR_PATH}/Podfile.lock\" \"${PODS_ROOT}/Manifest.lock\" > /dev/null\nif [ $? != 0 ] ; then\n    # print error to STDERR\n    echo \"error: The sandbox is not in sync with the Podfile.lock. Run 'pod install' or update your CocoaPods installation.\" >&2\n    exit 1\nfi\n# This output is used by Xcode 'outputs' to avoid re-running this script phase.\necho \"SUCCESS\" > \"${SCRIPT_OUTPUT_FILE_0}\"\n";
			showEnvVarsInLog = 0;
		};
		F1146D7BD82E5CA9DD928DD0 /* [CP] Embed Pods Frameworks */ = {
			isa = PBXShellScriptBuildPhase;
			buildActionMask = 2147483647;
			files = (
			);
			inputFileListPaths = (
				"${PODS_ROOT}/Target Support Files/Pods-StockMe-StockMeUITests/Pods-StockMe-StockMeUITests-frameworks-${CONFIGURATION}-input-files.xcfilelist",
			);
			name = "[CP] Embed Pods Frameworks";
			outputFileListPaths = (
				"${PODS_ROOT}/Target Support Files/Pods-StockMe-StockMeUITests/Pods-StockMe-StockMeUITests-frameworks-${CONFIGURATION}-output-files.xcfilelist",
			);
			runOnlyForDeploymentPostprocessing = 0;
			shellPath = /bin/sh;
			shellScript = "\"${PODS_ROOT}/Target Support Files/Pods-StockMe-StockMeUITests/Pods-StockMe-StockMeUITests-frameworks.sh\"\n";
			showEnvVarsInLog = 0;
		};
/* End PBXShellScriptBuildPhase section */

/* Begin PBXSourcesBuildPhase section */
		3B17C2302800ADC7000DB220 /* Sources */ = {
			isa = PBXSourcesBuildPhase;
			buildActionMask = 2147483647;
			files = (
				3B2107A828033B5C00D08B28 /* APIManager.swift in Sources */,
				3B2107C4280480BC00D08B28 /* DetailView.swift in Sources */,
				3B17C2382800ADC7000DB220 /* StockMeApp.swift in Sources */,
				3B2107C128039AF100D08B28 /* DetailViewModel.swift in Sources */,
				3B2107AA28033DDA00D08B28 /* Record.swift in Sources */,
				3B2107A0280334E000D08B28 /* SignInViewModel.swift in Sources */,
				3B17C2422800ADC7000DB220 /* StockMe.xcdatamodeld in Sources */,
				3B2107B028036E8A00D08B28 /* Symbol.swift in Sources */,
				3B2107BC28037B7500D08B28 /* SearchViewModel.swift in Sources */,
				3B2107A4280338F200D08B28 /* dLog.swift in Sources */,
				3B17C2A92800F24B000DB220 /* ContentView.swift in Sources */,
				3B17C2A62800F216000DB220 /* Persistence.swift in Sources */,
				3B2107AE280350F400D08B28 /* Series.swift in Sources */,
				3B2107B92803797B00D08B28 /* SearchView.swift in Sources */,
				3B2107BF280399F600D08B28 /* SymbolView.swift in Sources */,
				3B2107B72803730000D08B28 /* Dictionary+.swift in Sources */,
				3B2107AC280350C300D08B28 /* Meta.swift in Sources */,
				3B21079B2800FC2100D08B28 /* SignInView.swift in Sources */,
				3B2F895028049B4C00ACB2FA /* User.swift in Sources */,
			);
			runOnlyForDeploymentPostprocessing = 0;
		};
		3B17C2492800ADC8000DB220 /* Sources */ = {
			isa = PBXSourcesBuildPhase;
			buildActionMask = 2147483647;
			files = (
				3B17C2522800ADC8000DB220 /* StockMeTests.swift in Sources */,
			);
			runOnlyForDeploymentPostprocessing = 0;
		};
		3B17C2532800ADC8000DB220 /* Sources */ = {
			isa = PBXSourcesBuildPhase;
			buildActionMask = 2147483647;
			files = (
				3B17C25C2800ADC8000DB220 /* StockMeUITests.swift in Sources */,
				3B17C25E2800ADC8000DB220 /* StockMeUITestsLaunchTests.swift in Sources */,
			);
			runOnlyForDeploymentPostprocessing = 0;
		};
/* End PBXSourcesBuildPhase section */

/* Begin PBXTargetDependency section */
		3B17C24F2800ADC8000DB220 /* PBXTargetDependency */ = {
			isa = PBXTargetDependency;
			target = 3B17C2332800ADC7000DB220 /* StockMe */;
			targetProxy = 3B17C24E2800ADC8000DB220 /* PBXContainerItemProxy */;
		};
		3B17C2592800ADC8000DB220 /* PBXTargetDependency */ = {
			isa = PBXTargetDependency;
			target = 3B17C2332800ADC7000DB220 /* StockMe */;
			targetProxy = 3B17C2582800ADC8000DB220 /* PBXContainerItemProxy */;
		};
/* End PBXTargetDependency section */

/* Begin XCBuildConfiguration section */
		3B17C25F2800ADC8000DB220 /* Debug */ = {
			isa = XCBuildConfiguration;
			buildSettings = {
				ALWAYS_SEARCH_USER_PATHS = NO;
				CLANG_ANALYZER_NONNULL = YES;
				CLANG_ANALYZER_NUMBER_OBJECT_CONVERSION = YES_AGGRESSIVE;
				CLANG_CXX_LANGUAGE_STANDARD = "gnu++17";
				CLANG_ENABLE_MODULES = YES;
				CLANG_ENABLE_OBJC_ARC = YES;
				CLANG_ENABLE_OBJC_WEAK = YES;
				CLANG_WARN_BLOCK_CAPTURE_AUTORELEASING = YES;
				CLANG_WARN_BOOL_CONVERSION = YES;
				CLANG_WARN_COMMA = YES;
				CLANG_WARN_CONSTANT_CONVERSION = YES;
				CLANG_WARN_DEPRECATED_OBJC_IMPLEMENTATIONS = YES;
				CLANG_WARN_DIRECT_OBJC_ISA_USAGE = YES_ERROR;
				CLANG_WARN_DOCUMENTATION_COMMENTS = YES;
				CLANG_WARN_EMPTY_BODY = YES;
				CLANG_WARN_ENUM_CONVERSION = YES;
				CLANG_WARN_INFINITE_RECURSION = YES;
				CLANG_WARN_INT_CONVERSION = YES;
				CLANG_WARN_NON_LITERAL_NULL_CONVERSION = YES;
				CLANG_WARN_OBJC_IMPLICIT_RETAIN_SELF = YES;
				CLANG_WARN_OBJC_LITERAL_CONVERSION = YES;
				CLANG_WARN_OBJC_ROOT_CLASS = YES_ERROR;
				CLANG_WARN_QUOTED_INCLUDE_IN_FRAMEWORK_HEADER = YES;
				CLANG_WARN_RANGE_LOOP_ANALYSIS = YES;
				CLANG_WARN_STRICT_PROTOTYPES = YES;
				CLANG_WARN_SUSPICIOUS_MOVE = YES;
				CLANG_WARN_UNGUARDED_AVAILABILITY = YES_AGGRESSIVE;
				CLANG_WARN_UNREACHABLE_CODE = YES;
				CLANG_WARN__DUPLICATE_METHOD_MATCH = YES;
				COPY_PHASE_STRIP = NO;
				DEBUG_INFORMATION_FORMAT = dwarf;
				ENABLE_STRICT_OBJC_MSGSEND = YES;
				ENABLE_TESTABILITY = YES;
				GCC_C_LANGUAGE_STANDARD = gnu11;
				GCC_DYNAMIC_NO_PIC = NO;
				GCC_NO_COMMON_BLOCKS = YES;
				GCC_OPTIMIZATION_LEVEL = 0;
				GCC_PREPROCESSOR_DEFINITIONS = (
					"DEBUG=1",
					"$(inherited)",
				);
				GCC_WARN_64_TO_32_BIT_CONVERSION = YES;
				GCC_WARN_ABOUT_RETURN_TYPE = YES_ERROR;
				GCC_WARN_UNDECLARED_SELECTOR = YES;
				GCC_WARN_UNINITIALIZED_AUTOS = YES_AGGRESSIVE;
				GCC_WARN_UNUSED_FUNCTION = YES;
				GCC_WARN_UNUSED_VARIABLE = YES;
				IPHONEOS_DEPLOYMENT_TARGET = 15.4;
				MTL_ENABLE_DEBUG_INFO = INCLUDE_SOURCE;
				MTL_FAST_MATH = YES;
				ONLY_ACTIVE_ARCH = YES;
				SDKROOT = iphoneos;
				SWIFT_ACTIVE_COMPILATION_CONDITIONS = DEBUG;
				SWIFT_OPTIMIZATION_LEVEL = "-Onone";
			};
			name = Debug;
		};
		3B17C2602800ADC8000DB220 /* Release */ = {
			isa = XCBuildConfiguration;
			buildSettings = {
				ALWAYS_SEARCH_USER_PATHS = NO;
				CLANG_ANALYZER_NONNULL = YES;
				CLANG_ANALYZER_NUMBER_OBJECT_CONVERSION = YES_AGGRESSIVE;
				CLANG_CXX_LANGUAGE_STANDARD = "gnu++17";
				CLANG_ENABLE_MODULES = YES;
				CLANG_ENABLE_OBJC_ARC = YES;
				CLANG_ENABLE_OBJC_WEAK = YES;
				CLANG_WARN_BLOCK_CAPTURE_AUTORELEASING = YES;
				CLANG_WARN_BOOL_CONVERSION = YES;
				CLANG_WARN_COMMA = YES;
				CLANG_WARN_CONSTANT_CONVERSION = YES;
				CLANG_WARN_DEPRECATED_OBJC_IMPLEMENTATIONS = YES;
				CLANG_WARN_DIRECT_OBJC_ISA_USAGE = YES_ERROR;
				CLANG_WARN_DOCUMENTATION_COMMENTS = YES;
				CLANG_WARN_EMPTY_BODY = YES;
				CLANG_WARN_ENUM_CONVERSION = YES;
				CLANG_WARN_INFINITE_RECURSION = YES;
				CLANG_WARN_INT_CONVERSION = YES;
				CLANG_WARN_NON_LITERAL_NULL_CONVERSION = YES;
				CLANG_WARN_OBJC_IMPLICIT_RETAIN_SELF = YES;
				CLANG_WARN_OBJC_LITERAL_CONVERSION = YES;
				CLANG_WARN_OBJC_ROOT_CLASS = YES_ERROR;
				CLANG_WARN_QUOTED_INCLUDE_IN_FRAMEWORK_HEADER = YES;
				CLANG_WARN_RANGE_LOOP_ANALYSIS = YES;
				CLANG_WARN_STRICT_PROTOTYPES = YES;
				CLANG_WARN_SUSPICIOUS_MOVE = YES;
				CLANG_WARN_UNGUARDED_AVAILABILITY = YES_AGGRESSIVE;
				CLANG_WARN_UNREACHABLE_CODE = YES;
				CLANG_WARN__DUPLICATE_METHOD_MATCH = YES;
				COPY_PHASE_STRIP = NO;
				DEBUG_INFORMATION_FORMAT = "dwarf-with-dsym";
				ENABLE_NS_ASSERTIONS = NO;
				ENABLE_STRICT_OBJC_MSGSEND = YES;
				GCC_C_LANGUAGE_STANDARD = gnu11;
				GCC_NO_COMMON_BLOCKS = YES;
				GCC_WARN_64_TO_32_BIT_CONVERSION = YES;
				GCC_WARN_ABOUT_RETURN_TYPE = YES_ERROR;
				GCC_WARN_UNDECLARED_SELECTOR = YES;
				GCC_WARN_UNINITIALIZED_AUTOS = YES_AGGRESSIVE;
				GCC_WARN_UNUSED_FUNCTION = YES;
				GCC_WARN_UNUSED_VARIABLE = YES;
				IPHONEOS_DEPLOYMENT_TARGET = 15.4;
				MTL_ENABLE_DEBUG_INFO = NO;
				MTL_FAST_MATH = YES;
				SDKROOT = iphoneos;
				SWIFT_COMPILATION_MODE = wholemodule;
				SWIFT_OPTIMIZATION_LEVEL = "-O";
				VALIDATE_PRODUCT = YES;
			};
			name = Release;
		};
		3B17C2622800ADC8000DB220 /* Debug */ = {
			isa = XCBuildConfiguration;
			baseConfigurationReference = B13C8F4CF8D654BC51157861 /* Pods-StockMe.debug.xcconfig */;
			buildSettings = {
				ASSETCATALOG_COMPILER_APPICON_NAME = AppIcon;
				ASSETCATALOG_COMPILER_GLOBAL_ACCENT_COLOR_NAME = AccentColor;
				CODE_SIGN_ENTITLEMENTS = StockMe/StockMe.entitlements;
				CODE_SIGN_STYLE = Automatic;
				CURRENT_PROJECT_VERSION = 1;
				DEVELOPMENT_ASSET_PATHS = "\"StockMe/Preview Content\"";
				DEVELOPMENT_TEAM = VDMT7P7486;
				ENABLE_PREVIEWS = YES;
				GENERATE_INFOPLIST_FILE = YES;
				INFOPLIST_KEY_UIApplicationSceneManifest_Generation = YES;
				INFOPLIST_KEY_UIApplicationSupportsIndirectInputEvents = YES;
				INFOPLIST_KEY_UILaunchScreen_Generation = YES;
				LD_RUNPATH_SEARCH_PATHS = (
					"$(inherited)",
					"@executable_path/Frameworks",
				);
				MARKETING_VERSION = 1.0;
				PRODUCT_BUNDLE_IDENTIFIER = com.wag.StockMe;
				PRODUCT_NAME = "$(TARGET_NAME)";
				SWIFT_EMIT_LOC_STRINGS = YES;
				SWIFT_VERSION = 5.0;
				TARGETED_DEVICE_FAMILY = "1,2";
			};
			name = Debug;
		};
		3B17C2632800ADC8000DB220 /* Release */ = {
			isa = XCBuildConfiguration;
			baseConfigurationReference = D5610B5B2290ECB8EF7A853A /* Pods-StockMe.release.xcconfig */;
			buildSettings = {
				ASSETCATALOG_COMPILER_APPICON_NAME = AppIcon;
				ASSETCATALOG_COMPILER_GLOBAL_ACCENT_COLOR_NAME = AccentColor;
				CODE_SIGN_ENTITLEMENTS = StockMe/StockMe.entitlements;
				CODE_SIGN_STYLE = Automatic;
				CURRENT_PROJECT_VERSION = 1;
				DEVELOPMENT_ASSET_PATHS = "\"StockMe/Preview Content\"";
				DEVELOPMENT_TEAM = VDMT7P7486;
				ENABLE_PREVIEWS = YES;
				GENERATE_INFOPLIST_FILE = YES;
				INFOPLIST_KEY_UIApplicationSceneManifest_Generation = YES;
				INFOPLIST_KEY_UIApplicationSupportsIndirectInputEvents = YES;
				INFOPLIST_KEY_UILaunchScreen_Generation = YES;
				LD_RUNPATH_SEARCH_PATHS = (
					"$(inherited)",
					"@executable_path/Frameworks",
				);
				MARKETING_VERSION = 1.0;
				PRODUCT_BUNDLE_IDENTIFIER = com.wag.StockMe;
				PRODUCT_NAME = "$(TARGET_NAME)";
				SWIFT_EMIT_LOC_STRINGS = YES;
				SWIFT_VERSION = 5.0;
				TARGETED_DEVICE_FAMILY = "1,2";
			};
			name = Release;
		};
		3B17C2652800ADC8000DB220 /* Debug */ = {
			isa = XCBuildConfiguration;
			baseConfigurationReference = B45CA50CEE50FA1D1EDE556B /* Pods-StockMeTests.debug.xcconfig */;
			buildSettings = {
				ALWAYS_EMBED_SWIFT_STANDARD_LIBRARIES = YES;
				BUNDLE_LOADER = "$(TEST_HOST)";
				CODE_SIGN_STYLE = Automatic;
				CURRENT_PROJECT_VERSION = 1;
				DEVELOPMENT_TEAM = 62AXUYZ37H;
				GENERATE_INFOPLIST_FILE = YES;
				IPHONEOS_DEPLOYMENT_TARGET = 15.4;
				MARKETING_VERSION = 1.0;
				PRODUCT_BUNDLE_IDENTIFIER = com.wag.stockme.StockMeTests;
				PRODUCT_NAME = "$(TARGET_NAME)";
				SWIFT_EMIT_LOC_STRINGS = NO;
				SWIFT_VERSION = 5.0;
				TARGETED_DEVICE_FAMILY = "1,2";
				TEST_HOST = "$(BUILT_PRODUCTS_DIR)/StockMe.app/StockMe";
			};
			name = Debug;
		};
		3B17C2662800ADC8000DB220 /* Release */ = {
			isa = XCBuildConfiguration;
			baseConfigurationReference = BF4C8D5D435D22EB0259124A /* Pods-StockMeTests.release.xcconfig */;
			buildSettings = {
				ALWAYS_EMBED_SWIFT_STANDARD_LIBRARIES = YES;
				BUNDLE_LOADER = "$(TEST_HOST)";
				CODE_SIGN_STYLE = Automatic;
				CURRENT_PROJECT_VERSION = 1;
				DEVELOPMENT_TEAM = 62AXUYZ37H;
				GENERATE_INFOPLIST_FILE = YES;
				IPHONEOS_DEPLOYMENT_TARGET = 15.4;
				MARKETING_VERSION = 1.0;
				PRODUCT_BUNDLE_IDENTIFIER = com.wag.stockme.StockMeTests;
				PRODUCT_NAME = "$(TARGET_NAME)";
				SWIFT_EMIT_LOC_STRINGS = NO;
				SWIFT_VERSION = 5.0;
				TARGETED_DEVICE_FAMILY = "1,2";
				TEST_HOST = "$(BUILT_PRODUCTS_DIR)/StockMe.app/StockMe";
			};
			name = Release;
		};
		3B17C2682800ADC8000DB220 /* Debug */ = {
			isa = XCBuildConfiguration;
			baseConfigurationReference = ACA0345D6C4ED286200ED10C /* Pods-StockMe-StockMeUITests.debug.xcconfig */;
			buildSettings = {
				ALWAYS_EMBED_SWIFT_STANDARD_LIBRARIES = YES;
				CODE_SIGN_STYLE = Automatic;
				CURRENT_PROJECT_VERSION = 1;
				DEVELOPMENT_TEAM = 62AXUYZ37H;
				GENERATE_INFOPLIST_FILE = YES;
				MARKETING_VERSION = 1.0;
				PRODUCT_BUNDLE_IDENTIFIER = com.wag.stockme.StockMeUITests;
				PRODUCT_NAME = "$(TARGET_NAME)";
				SWIFT_EMIT_LOC_STRINGS = NO;
				SWIFT_VERSION = 5.0;
				TARGETED_DEVICE_FAMILY = "1,2";
				TEST_TARGET_NAME = StockMe;
			};
			name = Debug;
		};
		3B17C2692800ADC8000DB220 /* Release */ = {
			isa = XCBuildConfiguration;
			baseConfigurationReference = 73D04CFCF81FEF24F05C7839 /* Pods-StockMe-StockMeUITests.release.xcconfig */;
			buildSettings = {
				ALWAYS_EMBED_SWIFT_STANDARD_LIBRARIES = YES;
				CODE_SIGN_STYLE = Automatic;
				CURRENT_PROJECT_VERSION = 1;
				DEVELOPMENT_TEAM = 62AXUYZ37H;
				GENERATE_INFOPLIST_FILE = YES;
				MARKETING_VERSION = 1.0;
				PRODUCT_BUNDLE_IDENTIFIER = com.wag.stockme.StockMeUITests;
				PRODUCT_NAME = "$(TARGET_NAME)";
				SWIFT_EMIT_LOC_STRINGS = NO;
				SWIFT_VERSION = 5.0;
				TARGETED_DEVICE_FAMILY = "1,2";
				TEST_TARGET_NAME = StockMe;
			};
			name = Release;
		};
/* End XCBuildConfiguration section */

/* Begin XCConfigurationList section */
		3B17C22F2800ADC7000DB220 /* Build configuration list for PBXProject "StockMe" */ = {
			isa = XCConfigurationList;
			buildConfigurations = (
				3B17C25F2800ADC8000DB220 /* Debug */,
				3B17C2602800ADC8000DB220 /* Release */,
			);
			defaultConfigurationIsVisible = 0;
			defaultConfigurationName = Release;
		};
		3B17C2612800ADC8000DB220 /* Build configuration list for PBXNativeTarget "StockMe" */ = {
			isa = XCConfigurationList;
			buildConfigurations = (
				3B17C2622800ADC8000DB220 /* Debug */,
				3B17C2632800ADC8000DB220 /* Release */,
			);
			defaultConfigurationIsVisible = 0;
			defaultConfigurationName = Release;
		};
		3B17C2642800ADC8000DB220 /* Build configuration list for PBXNativeTarget "StockMeTests" */ = {
			isa = XCConfigurationList;
			buildConfigurations = (
				3B17C2652800ADC8000DB220 /* Debug */,
				3B17C2662800ADC8000DB220 /* Release */,
			);
			defaultConfigurationIsVisible = 0;
			defaultConfigurationName = Release;
		};
		3B17C2672800ADC8000DB220 /* Build configuration list for PBXNativeTarget "StockMeUITests" */ = {
			isa = XCConfigurationList;
			buildConfigurations = (
				3B17C2682800ADC8000DB220 /* Debug */,
				3B17C2692800ADC8000DB220 /* Release */,
			);
			defaultConfigurationIsVisible = 0;
			defaultConfigurationName = Release;
		};
/* End XCConfigurationList section */

/* Begin XCVersionGroup section */
		3B17C2402800ADC7000DB220 /* StockMe.xcdatamodeld */ = {
			isa = XCVersionGroup;
			children = (
				3B17C2412800ADC7000DB220 /* StockMe.xcdatamodel */,
			);
			currentVersion = 3B17C2412800ADC7000DB220 /* StockMe.xcdatamodel */;
			path = StockMe.xcdatamodeld;
			sourceTree = "<group>";
			versionGroupType = wrapper.xcdatamodel;
		};
/* End XCVersionGroup section */
	};
	rootObject = 3B17C22C2800ADC7000DB220 /* Project object */;
}
